
Microsoft Visual Studio Solution File, Format Version 12.00
# Visual Studio Version 17
VisualStudioVersion = 17.4.32916.344
MinimumVisualStudioVersion = 10.0.40219.1
Project("{9A19103F-16F7-4668-BE54-9A1E7A4F7556}") = "CodeClubAssets", "CodeClubAssets\CodeClubAssets.csproj", "{F008913E-0505-403C-ABCE-A5EED7599596}"
EndProject
Global
	GlobalSection(SolutionConfigurationPlatforms) = preSolution
		Debug|Any CPU = Debug|Any CPU
		Release|Any CPU = Release|Any CPU
	EndGlobalSection
	GlobalSection(ProjectConfigurationPlatforms) = postSolution
		{F008913E-0505-403C-ABCE-A5EED7599596}.Debug|Any CPU.ActiveCfg = Debug|Any CPU
		{F008913E-0505-403C-ABCE-A5EED7599596}.Debug|Any CPU.Build.0 = Debug|Any CPU
		{F008913E-0505-403C-ABCE-A5EED7599596}.Release|Any CPU.ActiveCfg = Release|Any CPU
		{F008913E-0505-403C-ABCE-A5EED7599596}.Release|Any CPU.Build.0 = Release|Any CPU
	EndGlobalSection
	GlobalSection(SolutionProperties) = preSolution
		HideSolutionNode = FALSE
	EndGlobalSection
	GlobalSection(ExtensibilityGlobals) = postSolution
		SolutionGuid = {FF8BE7F5-8D54-4B58-A95C-4D843C9A6608}
	EndGlobalSection
EndGlobal
